[{<<"cowboy">>,
  {git,"git://github.com/extend/cowboy",
       {ref,"db52494371ea249f38d51108c7d79cf487ff6374"}},
  1},
 {<<"cowlib">>,
  {git,"git://github.com/extend/cowlib.git",
       {ref,"63298e8e160031a70efff86a1acde7e7db1fcda6"}},
  2},
 {<<"edate">>,
  {git,"https://github.com/dweldon/edate.git",
       {ref,"640718ee7fde7d5bac0c5d228d0a4acd8712f719"}},
  0},
 {<<"erlydtl">>,
  {git,"https://github.com/erlydtl/erlydtl.git",
       {ref,"bb1ae0f005dd038bc2a5605465fec6429b3e3a30"}},
  0},
 {<<"gproc">>,
  {git,"git://github.com/uwiger/gproc.git",
       {ref,"e0122ae1e88e7922534341e43f3726bd48154106"}},
  1},
 {<<"mad">>,
  {git,"https://github.com/synrc/mad",
       {ref,"9946435ad4723fda3561313219b99ef8c46fa6df"}},
  0},
 {<<"merl">>,
  {git,"https://github.com/richcarl/merl.git",
       {ref,"edde1202635479075f13ca240ae85c95e591a142"}},
  0},
 {<<"mochiweb">>,
  {git,"https://github.com/mochi/mochiweb.git",
       {ref,"66a6535692da7b8830bd141eee26025af4928b8a"}},
  0},
 {<<"mochiweb_xpath">>,
  {git,"https://github.com/retnuh/mochiweb_xpath.git",
       {ref,"ccea7319e88281f6274b6fce617278c434bac56f"}},
  0},
 {<<"n2o">>,
  {git,"https://github.com/synrc/n2o.git",
       {ref,"b2fb4727156e4d7725b534761317c2a79a35715f"}},
  0},
 {<<"pgsql">>,
  {git,"https://github.com/semiocast/pgsql.git",
       {ref,"106a0d6c4722e88f637b2bbb0cc7558668f18f7d"}},
  0},
 {<<"ranch">>,
  {git,"git://github.com/extend/ranch.git",
       {ref,"5df1f222f94e08abdcab7084f5e13027143cc222"}},
  2},
 {<<"sh">>,
  {git,"git://github.com/synrc/sh",
       {ref,"8bff94e67aba9a6583a820a5a8b314c8dac7af48"}},
  1}].
